
Microsoft Visual Studio Solution File, Format Version 12.00
# Visual Studio Version 17
VisualStudioVersion = 17.13.35605.110 d17.13
MinimumVisualStudioVersion = 10.0.40219.1
Project("{2150E333-8FDC-42A3-9474-1A3956D46DE8}") = "Solution Items", "Solution Items", "{8EC462FD-D22E-90A8-E5CE-7E832BA40C5D}"
	ProjectSection(SolutionItems) = preProject
		.editorconfig = .editorconfig
		Directory.Build.props = Directory.Build.props
		global.json = global.json
		nuget.config = nuget.config
	EndProjectSection
EndProject
Project("{FAE04EC0-301F-11D3-BF4B-00C04F79EFBC}") = "BCryptCompilationTest", "src\BCryptCompilationTest\BCryptCompilationTest.csproj", "{EC39FFAA-8F0E-46B9-88B2-75A358D6E56D}"
EndProject
Global
	GlobalSection(SolutionConfigurationPlatforms) = preSolution
		Debug|Any CPU = Debug|Any CPU
		Release|Any CPU = Release|Any CPU
	EndGlobalSection
	GlobalSection(ProjectConfigurationPlatforms) = postSolution
		{EC39FFAA-8F0E-46B9-88B2-75A358D6E56D}.Debug|Any CPU.ActiveCfg = Debug|Any CPU
		{EC39FFAA-8F0E-46B9-88B2-75A358D6E56D}.Debug|Any CPU.Build.0 = Debug|Any CPU
		{EC39FFAA-8F0E-46B9-88B2-75A358D6E56D}.Release|Any CPU.ActiveCfg = Release|Any CPU
		{EC39FFAA-8F0E-46B9-88B2-75A358D6E56D}.Release|Any CPU.Build.0 = Release|Any CPU
	EndGlobalSection
	GlobalSection(SolutionProperties) = preSolution
		HideSolutionNode = FALSE
	EndGlobalSection
	GlobalSection(ExtensibilityGlobals) = postSolution
		SolutionGuid = {CCF7116A-D93A-459E-8263-405BEBEC4EAF}
	EndGlobalSection
EndGlobal
